<?xml version="1.0" encoding="utf-8"?>
<Project ToolsVersion="4.0" xmlns="http://schemas.microsoft.com/developer/msbuild/2003">
  <ItemGroup>
    <Filter Include="win32">
      <UniqueIdentifier>{84a8ebd7-7cf0-47f6-b75e-d441df67da40}</UniqueIdentifier>
    </Filter>
    <Filter Include="resource">
      <UniqueIdentifier>{715254bc-d70b-4ec5-bf29-467dd3ace079}</UniqueIdentifier>
    </Filter>
    <Filter Include="Classes">
      <UniqueIdentifier>{bb6c862e-70e9-49d9-81b7-3829a6f50471}</UniqueIdentifier>
    </Filter>
    <Filter Include="Classes\scene">
      <UniqueIdentifier>{070fdd83-66e7-47b2-85da-4ca09c6fbfc7}</UniqueIdentifier>
    </Filter>
    <Filter Include="Classes\ui">
      <UniqueIdentifier>{d16ac8a1-45ff-4c52-84b6-de08adf4e46c}</UniqueIdentifier>
    </Filter>
    <Filter Include="Classes\network">
      <UniqueIdentifier>{849fd725-560b-4c1a-90a7-be7e8fb2ff45}</UniqueIdentifier>
    </Filter>
    <Filter Include="Classes\sdk">
      <UniqueIdentifier>{938c3730-7c5b-43a2-ba8c-84b7305547d0}</UniqueIdentifier>
    </Filter>
    <Filter Include="Classes\base">
      <UniqueIdentifier>{17666bf5-1b11-4d25-a4f1-d2fa1546bb38}</UniqueIdentifier>
    </Filter>
    <Filter Include="Classes\controll">
      <UniqueIdentifier>{0f64e345-576b-4e3f-8e26-831869cc67e9}</UniqueIdentifier>
    </Filter>
    <Filter Include="Classes\manager">
      <UniqueIdentifier>{5707740e-a0aa-4d0a-97a7-e322aa6cd909}</UniqueIdentifier>
    </Filter>
  </ItemGroup>
  <ItemGroup>
    <ClCompile Include="main.cpp">
      <Filter>win32</Filter>
    </ClCompile>
    <ClCompile Include="..\Classes\AppDelegate.cpp">
      <Filter>Classes</Filter>
    </ClCompile>
  </ItemGroup>
  <ItemGroup>
    <ClInclude Include="main.h">
      <Filter>win32</Filter>
    </ClInclude>
    <ClInclude Include="..\Classes\AppDelegate.h">
      <Filter>Classes</Filter>
    </ClInclude>
  </ItemGroup>
  <ItemGroup>
    <ResourceCompile Include="game.rc">
      <Filter>resource</Filter>
    </ResourceCompile>
  </ItemGroup>
</Project>